
Microsoft Visual Studio Solution File, Format Version 12.00
# Visual Studio Version 16
VisualStudioVersion = 16.0.29728.190
MinimumVisualStudioVersion = 10.0.40219.1
Project("{FAE04EC0-301F-11D3-BF4B-00C04F79EFBC}") = "AvaliacaoEstagio", "AvaliacaoEstagio\AvaliacaoEstagio.csproj", "{AEEAD544-F19E-4228-8112-A1CE7A2C5DF0}"
EndProject
Global
	GlobalSection(SolutionConfigurationPlatforms) = preSolution
		Debug|Any CPU = Debug|Any CPU
		Release|Any CPU = Release|Any CPU
	EndGlobalSection
	GlobalSection(ProjectConfigurationPlatforms) = postSolution
		{AEEAD544-F19E-4228-8112-A1CE7A2C5DF0}.Debug|Any CPU.ActiveCfg = Debug|Any CPU
		{AEEAD544-F19E-4228-8112-A1CE7A2C5DF0}.Debug|Any CPU.Build.0 = Debug|Any CPU
		{AEEAD544-F19E-4228-8112-A1CE7A2C5DF0}.Release|Any CPU.ActiveCfg = Release|Any CPU
		{AEEAD544-F19E-4228-8112-A1CE7A2C5DF0}.Release|Any CPU.Build.0 = Release|Any CPU
	EndGlobalSection
	GlobalSection(SolutionProperties) = preSolution
		HideSolutionNode = FALSE
	EndGlobalSection
	GlobalSection(ExtensibilityGlobals) = postSolution
		SolutionGuid = {F1DDC1D1-A654-4DE9-A869-7944160B12A1}
	EndGlobalSection
EndGlobal
